
Microsoft Visual Studio Solution File, Format Version 12.00
# Visual Studio 14
VisualStudioVersion = 14.0.25123.0
MinimumVisualStudioVersion = 10.0.40219.1
Project("{8BC9CEB8-8B4A-11D0-8D11-00A0C91BC942}") = "Bot", "Bot\Bot.vcxproj", "{C188871B-5F32-4946-B301-24CA2EBB275D}"
	ProjectSection(ProjectDependencies) = postProject
		{367CBCA8-6F27-484A-BC6C-2FC087FBB0C8} = {367CBCA8-6F27-484A-BC6C-2FC087FBB0C8}
	EndProjectSection
EndProject
Project("{8BC9CEB8-8B4A-11D0-8D11-00A0C91BC942}") = "Plugin.Example", "Plugin.Example\Plugin.Example.vcxproj", "{EA2C0100-5CC5-4416-8216-059833CAACE2}"
	ProjectSection(ProjectDependencies) = postProject
		{C188871B-5F32-4946-B301-24CA2EBB275D} = {C188871B-5F32-4946-B301-24CA2EBB275D}
	EndProjectSection
EndProject
Project("{8BC9CEB8-8B4A-11D0-8D11-00A0C91BC942}") = "Plugin.Template", "Plugin.Template\Plugin.Template.vcxproj", "{1DD04156-F096-4C41-9E1C-5BFD3234E9FD}"
	ProjectSection(ProjectDependencies) = postProject
		{C188871B-5F32-4946-B301-24CA2EBB275D} = {C188871B-5F32-4946-B301-24CA2EBB275D}
	EndProjectSection
EndProject
Project("{8BC9CEB8-8B4A-11D0-8D11-00A0C91BC942}") = "PluginManager", "PluginManager\PluginManager.vcxproj", "{9D82C7EE-4167-4F5A-9764-B2C6B0EB9712}"
	ProjectSection(ProjectDependencies) = postProject
		{C188871B-5F32-4946-B301-24CA2EBB275D} = {C188871B-5F32-4946-B301-24CA2EBB275D}
	EndProjectSection
EndProject
Project("{8BC9CEB8-8B4A-11D0-8D11-00A0C91BC942}") = "SetJoin", "SetJoin\SetJoin.vcxproj", "{FDBEC4F9-AC8D-4197-BA6C-D042DF218A93}"
	ProjectSection(ProjectDependencies) = postProject
		{C188871B-5F32-4946-B301-24CA2EBB275D} = {C188871B-5F32-4946-B301-24CA2EBB275D}
	EndProjectSection
EndProject
Project("{8BC9CEB8-8B4A-11D0-8D11-00A0C91BC942}") = "FunCommands", "FunCommands\FunCommands.vcxproj", "{80E38D71-CEC5-457F-88EC-24D3097C3470}"
	ProjectSection(ProjectDependencies) = postProject
		{C188871B-5F32-4946-B301-24CA2EBB275D} = {C188871B-5F32-4946-B301-24CA2EBB275D}
	EndProjectSection
EndProject
Project("{8BC9CEB8-8B4A-11D0-8D11-00A0C91BC942}") = "ExtraCommands", "ExtraCommands\ExtraCommands.vcxproj", "{85874531-681D-4F44-8A84-C8E939DA3FCB}"
	ProjectSection(ProjectDependencies) = postProject
		{C188871B-5F32-4946-B301-24CA2EBB275D} = {C188871B-5F32-4946-B301-24CA2EBB275D}
	EndProjectSection
EndProject
Project("{8BC9CEB8-8B4A-11D0-8D11-00A0C91BC942}") = "CoreCommands", "CoreCommands\CoreCommands.vcxproj", "{55F71101-B302-4345-9F9F-3055E805422A}"
	ProjectSection(ProjectDependencies) = postProject
		{C188871B-5F32-4946-B301-24CA2EBB275D} = {C188871B-5F32-4946-B301-24CA2EBB275D}
	EndProjectSection
EndProject
Project("{8BC9CEB8-8B4A-11D0-8D11-00A0C91BC942}") = "RenX.Core", "RenX.Core\RenX.Core.vcxproj", "{9103DF3D-8B4A-48E5-A6B3-CBE2554630E2}"
	ProjectSection(ProjectDependencies) = postProject
		{C188871B-5F32-4946-B301-24CA2EBB275D} = {C188871B-5F32-4946-B301-24CA2EBB275D}
	EndProjectSection
EndProject
Project("{8BC9CEB8-8B4A-11D0-8D11-00A0C91BC942}") = "RenX.Commands", "RenX.Commands\RenX.Commands.vcxproj", "{72B6B5A6-4267-4FED-9F96-917C7974CE25}"
	ProjectSection(ProjectDependencies) = postProject
		{C188871B-5F32-4946-B301-24CA2EBB275D} = {C188871B-5F32-4946-B301-24CA2EBB275D}
		{9103DF3D-8B4A-48E5-A6B3-CBE2554630E2} = {9103DF3D-8B4A-48E5-A6B3-CBE2554630E2}
	EndProjectSection
EndProject
Project("{8BC9CEB8-8B4A-11D0-8D11-00A0C91BC942}") = "RenX.Plugin.Template", "RenX.Plugin.Template\RenX.Plugin.Template.vcxproj", "{6F575493-CF43-43CB-8062-9F3D0722A624}"
	ProjectSection(ProjectDependencies) = postProject
		{C188871B-5F32-4946-B301-24CA2EBB275D} = {C188871B-5F32-4946-B301-24CA2EBB275D}
		{9103DF3D-8B4A-48E5-A6B3-CBE2554630E2} = {9103DF3D-8B4A-48E5-A6B3-CBE2554630E2}
	EndProjectSection
EndProject
Project("{8BC9CEB8-8B4A-11D0-8D11-00A0C91BC942}") = "RenX.Logging", "RenX.Logging\RenX.Logging.vcxproj", "{069D6053-F39A-4418-BAA3-FA8D260C83D1}"
	ProjectSection(ProjectDependencies) = postProject
		{C188871B-5F32-4946-B301-24CA2EBB275D} = {C188871B-5F32-4946-B301-24CA2EBB275D}
		{9103DF3D-8B4A-48E5-A6B3-CBE2554630E2} = {9103DF3D-8B4A-48E5-A6B3-CBE2554630E2}
	EndProjectSection
EndProject
Project("{8BC9CEB8-8B4A-11D0-8D11-00A0C91BC942}") = "RenX.ExcessiveHeadshots", "RenX.ExcessiveHeadshots\RenX.ExcessiveHeadshots.vcxproj", "{0F71052A-A773-4AB5-AE2A-50DBDFB9CF9E}"
	ProjectSection(ProjectDependencies) = postProject
		{C188871B-5F32-4946-B301-24CA2EBB275D} = {C188871B-5F32-4946-B301-24CA2EBB275D}
		{9103DF3D-8B4A-48E5-A6B3-CBE2554630E2} = {9103DF3D-8B4A-48E5-A6B3-CBE2554630E2}
	EndProjectSection
EndProject
Project("{8BC9CEB8-8B4A-11D0-8D11-00A0C91BC942}") = "RenX.ExtraLogging", "RenX.ExtraLogging\RenX.ExtraLogging.vcxproj", "{CEFD949E-BCF2-4EDB-8168-0920924FE2D8}"
	ProjectSection(ProjectDependencies) = postProject
		{C188871B-5F32-4946-B301-24CA2EBB275D} = {C188871B-5F32-4946-B301-24CA2EBB275D}
		{9103DF3D-8B4A-48E5-A6B3-CBE2554630E2} = {9103DF3D-8B4A-48E5-A6B3-CBE2554630E2}
	EndProjectSection
EndProject
Project("{8BC9CEB8-8B4A-11D0-8D11-00A0C91BC942}") = "RenX.Announcements", "RenX.Announcements\RenX.Announcements.vcxproj", "{EF55A6DC-1861-4037-868A-9557ECAEBC27}"
	ProjectSection(ProjectDependencies) = postProject
		{C188871B-5F32-4946-B301-24CA2EBB275D} = {C188871B-5F32-4946-B301-24CA2EBB275D}
		{9103DF3D-8B4A-48E5-A6B3-CBE2554630E2} = {9103DF3D-8B4A-48E5-A6B3-CBE2554630E2}
	EndProjectSection
EndProject
Project("{2150E333-8FDC-42A3-9474-1A3956D46DE8}") = "Solution Items", "Solution Items", "{844CF9EF-70F3-449D-ACF3-A70D3501A775}"
	ProjectSection(SolutionItems) = preProject
		RenX.Greetings\RenX.Greetings.vcxproj = RenX.Greetings\RenX.Greetings.vcxproj
	EndProjectSection
EndProject
Project("{8BC9CEB8-8B4A-11D0-8D11-00A0C91BC942}") = "RenX.Medals", "RenX.Medals\RenX.Medals.vcxproj", "{C295FFC2-8CE5-4387-B237-E4E1B1AB9987}"
	ProjectSection(ProjectDependencies) = postProject
		{C188871B-5F32-4946-B301-24CA2EBB275D} = {C188871B-5F32-4946-B301-24CA2EBB275D}
		{9103DF3D-8B4A-48E5-A6B3-CBE2554630E2} = {9103DF3D-8B4A-48E5-A6B3-CBE2554630E2}
	EndProjectSection
EndProject
Project("{8BC9CEB8-8B4A-11D0-8D11-00A0C91BC942}") = "RenX.SetJoin", "RenX.SetJoin\RenX.SetJoin.vcxproj", "{0489F164-DC8F-433C-8CFA-F7EB2A3356F1}"
	ProjectSection(ProjectDependencies) = postProject
		{C188871B-5F32-4946-B301-24CA2EBB275D} = {C188871B-5F32-4946-B301-24CA2EBB275D}
		{9103DF3D-8B4A-48E5-A6B3-CBE2554630E2} = {9103DF3D-8B4A-48E5-A6B3-CBE2554630E2}
	EndProjectSection
EndProject
Project("{8BC9CEB8-8B4A-11D0-8D11-00A0C91BC942}") = "RenX.Greetings", "RenX.Greetings\RenX.Greetings.vcxproj", "{8709993F-B08A-4156-BD93-581F297FE0A4}"
	ProjectSection(ProjectDependencies) = postProject
		{C188871B-5F32-4946-B301-24CA2EBB275D} = {C188871B-5F32-4946-B301-24CA2EBB275D}
		{9103DF3D-8B4A-48E5-A6B3-CBE2554630E2} = {9103DF3D-8B4A-48E5-A6B3-CBE2554630E2}
	EndProjectSection
EndProject
Project("{8BC9CEB8-8B4A-11D0-8D11-00A0C91BC942}") = "RenX.IRCJoin", "RenX.IRCJoin\RenX.IRCJoin.vcxproj", "{672B3FC9-0B31-45B4-AAB6-669073F2D291}"
	ProjectSection(ProjectDependencies) = postProject
		{C188871B-5F32-4946-B301-24CA2EBB275D} = {C188871B-5F32-4946-B301-24CA2EBB275D}
		{9103DF3D-8B4A-48E5-A6B3-CBE2554630E2} = {9103DF3D-8B4A-48E5-A6B3-CBE2554630E2}
	EndProjectSection
EndProject
Project("{8BC9CEB8-8B4A-11D0-8D11-00A0C91BC942}") = "RenX.ModSystem", "RenX.ModSystem\RenX.ModSystem.vcxproj", "{160CD71B-1E13-4816-9977-8BBD73871F31}"
	ProjectSection(ProjectDependencies) = postProject
		{C188871B-5F32-4946-B301-24CA2EBB275D} = {C188871B-5F32-4946-B301-24CA2EBB275D}
		{9103DF3D-8B4A-48E5-A6B3-CBE2554630E2} = {9103DF3D-8B4A-48E5-A6B3-CBE2554630E2}
	EndProjectSection
EndProject
Project("{8BC9CEB8-8B4A-11D0-8D11-00A0C91BC942}") = "RenX.Warn", "RenX.Warn\RenX.Warn.vcxproj", "{41C67B8B-D84D-42C2-B174-200B2ACB19C0}"
	ProjectSection(ProjectDependencies) = postProject
		{C188871B-5F32-4946-B301-24CA2EBB275D} = {C188871B-5F32-4946-B301-24CA2EBB275D}
		{9103DF3D-8B4A-48E5-A6B3-CBE2554630E2} = {9103DF3D-8B4A-48E5-A6B3-CBE2554630E2}
	EndProjectSection
EndProject
Project("{8BC9CEB8-8B4A-11D0-8D11-00A0C91BC942}") = "RenX.NicknameUUID", "RenX.NicknameUUID\RenX.NicknameUUID.vcxproj", "{553C70DE-37B7-4C31-985B-591BEC238C9D}"
	ProjectSection(ProjectDependencies) = postProject
		{C188871B-5F32-4946-B301-24CA2EBB275D} = {C188871B-5F32-4946-B301-24CA2EBB275D}
		{9103DF3D-8B4A-48E5-A6B3-CBE2554630E2} = {9103DF3D-8B4A-48E5-A6B3-CBE2554630E2}
	EndProjectSection
EndProject
Project("{8BC9CEB8-8B4A-11D0-8D11-00A0C91BC942}") = "RenX.HybridUUID", "RenX.HybridUUID\RenX.HybridUUID.vcxproj", "{FF61361F-CB09-4C72-80E2-9CA2DA63910E}"
	ProjectSection(ProjectDependencies) = postProject
		{C188871B-5F32-4946-B301-24CA2EBB275D} = {C188871B-5F32-4946-B301-24CA2EBB275D}
		{9103DF3D-8B4A-48E5-A6B3-CBE2554630E2} = {9103DF3D-8B4A-48E5-A6B3-CBE2554630E2}
	EndProjectSection
EndProject
Project("{8BC9CEB8-8B4A-11D0-8D11-00A0C91BC942}") = "RenX.Listen", "RenX.Listen\RenX.Listen.vcxproj", "{DA05D8B5-5E24-410E-A201-CC5905E327D3}"
	ProjectSection(ProjectDependencies) = postProject
		{C188871B-5F32-4946-B301-24CA2EBB275D} = {C188871B-5F32-4946-B301-24CA2EBB275D}
		{9103DF3D-8B4A-48E5-A6B3-CBE2554630E2} = {9103DF3D-8B4A-48E5-A6B3-CBE2554630E2}
	EndProjectSection
EndProject
Project("{8BC9CEB8-8B4A-11D0-8D11-00A0C91BC942}") = "ChannelRelay", "ChannelRelay\ChannelRelay.vcxproj", "{ADAD973E-EAA8-446D-BCD3-83B53DBC3A3F}"
	ProjectSection(ProjectDependencies) = postProject
		{C188871B-5F32-4946-B301-24CA2EBB275D} = {C188871B-5F32-4946-B301-24CA2EBB275D}
	EndProjectSection
EndProject
Project("{8BC9CEB8-8B4A-11D0-8D11-00A0C91BC942}") = "RenX.Ladder", "RenX.Ladder\RenX.Ladder.vcxproj", "{B2846BD6-2332-4DA6-A13B-113318F76D5E}"
	ProjectSection(ProjectDependencies) = postProject
		{C188871B-5F32-4946-B301-24CA2EBB275D} = {C188871B-5F32-4946-B301-24CA2EBB275D}
		{9103DF3D-8B4A-48E5-A6B3-CBE2554630E2} = {9103DF3D-8B4A-48E5-A6B3-CBE2554630E2}
	EndProjectSection
EndProject
Project("{8BC9CEB8-8B4A-11D0-8D11-00A0C91BC942}") = "RenX.MinPlayers", "RenX.MinPlayers\RenX.MinPlayers.vcxproj", "{99D34DCB-A484-437C-9FC5-D4051FEDC18C}"
	ProjectSection(ProjectDependencies) = postProject
		{C188871B-5F32-4946-B301-24CA2EBB275D} = {C188871B-5F32-4946-B301-24CA2EBB275D}
		{9103DF3D-8B4A-48E5-A6B3-CBE2554630E2} = {9103DF3D-8B4A-48E5-A6B3-CBE2554630E2}
	EndProjectSection
EndProject
Project("{8BC9CEB8-8B4A-11D0-8D11-00A0C91BC942}") = "RenX.AlwaysRecord", "RenX.AlwaysRecord\RenX.AlwaysRecord.vcxproj", "{C5CDEDF5-BAFB-4D5B-A4DB-4331E13DBD58}"
	ProjectSection(ProjectDependencies) = postProject
		{C188871B-5F32-4946-B301-24CA2EBB275D} = {C188871B-5F32-4946-B301-24CA2EBB275D}
		{9103DF3D-8B4A-48E5-A6B3-CBE2554630E2} = {9103DF3D-8B4A-48E5-A6B3-CBE2554630E2}
	EndProjectSection
EndProject
Project("{8BC9CEB8-8B4A-11D0-8D11-00A0C91BC942}") = "HTTPServer", "HTTPServer\HTTPServer.vcxproj", "{BB048D6F-F001-4E9B-95F4-886081E0807A}"
	ProjectSection(ProjectDependencies) = postProject
		{C188871B-5F32-4946-B301-24CA2EBB275D} = {C188871B-5F32-4946-B301-24CA2EBB275D}
	EndProjectSection
EndProject
Project("{8BC9CEB8-8B4A-11D0-8D11-00A0C91BC942}") = "RenX.Ladder.Web", "RenX.Ladder.Web\RenX.Ladder.Web.vcxproj", "{57661A2A-EE94-4E9C-B792-AB756533DEFA}"
	ProjectSection(ProjectDependencies) = postProject
		{C188871B-5F32-4946-B301-24CA2EBB275D} = {C188871B-5F32-4946-B301-24CA2EBB275D}
		{9103DF3D-8B4A-48E5-A6B3-CBE2554630E2} = {9103DF3D-8B4A-48E5-A6B3-CBE2554630E2}
		{BB048D6F-F001-4E9B-95F4-886081E0807A} = {BB048D6F-F001-4E9B-95F4-886081E0807A}
	EndProjectSection
EndProject
Project("{8BC9CEB8-8B4A-11D0-8D11-00A0C91BC942}") = "RenX.Ladder.All-Time", "RenX.Ladder.All-Time\RenX.Ladder.All-Time.vcxproj", "{24B039D0-5A71-4F76-8908-BAD772FDBE1A}"
	ProjectSection(ProjectDependencies) = postProject
		{C188871B-5F32-4946-B301-24CA2EBB275D} = {C188871B-5F32-4946-B301-24CA2EBB275D}
		{9103DF3D-8B4A-48E5-A6B3-CBE2554630E2} = {9103DF3D-8B4A-48E5-A6B3-CBE2554630E2}
	EndProjectSection
EndProject
Project("{8BC9CEB8-8B4A-11D0-8D11-00A0C91BC942}") = "RenX.Ladder.Monthly", "RenX.Ladder.Monthly\RenX.Ladder.Monthly.vcxproj", "{34FDE301-A29D-44ED-8ECC-15693F137DE2}"
	ProjectSection(ProjectDependencies) = postProject
		{C188871B-5F32-4946-B301-24CA2EBB275D} = {C188871B-5F32-4946-B301-24CA2EBB275D}
		{9103DF3D-8B4A-48E5-A6B3-CBE2554630E2} = {9103DF3D-8B4A-48E5-A6B3-CBE2554630E2}
	EndProjectSection
EndProject
Project("{8BC9CEB8-8B4A-11D0-8D11-00A0C91BC942}") = "RenX.Ladder.Yearly", "RenX.Ladder.Yearly\RenX.Ladder.Yearly.vcxproj", "{075AF69B-71D6-43B9-B102-4649CB2CA40C}"
	ProjectSection(ProjectDependencies) = postProject
		{C188871B-5F32-4946-B301-24CA2EBB275D} = {C188871B-5F32-4946-B301-24CA2EBB275D}
		{9103DF3D-8B4A-48E5-A6B3-CBE2554630E2} = {9103DF3D-8B4A-48E5-A6B3-CBE2554630E2}
	EndProjectSection
EndProject
Project("{8BC9CEB8-8B4A-11D0-8D11-00A0C91BC942}") = "RenX.Ladder.Weekly", "RenX.Ladder.Weekly\RenX.Ladder.Weekly.vcxproj", "{6F0141F3-CF64-47D9-8EC2-80A38FAFDAC7}"
	ProjectSection(ProjectDependencies) = postProject
		{C188871B-5F32-4946-B301-24CA2EBB275D} = {C188871B-5F32-4946-B301-24CA2EBB275D}
		{9103DF3D-8B4A-48E5-A6B3-CBE2554630E2} = {9103DF3D-8B4A-48E5-A6B3-CBE2554630E2}
	EndProjectSection
EndProject
Project("{8BC9CEB8-8B4A-11D0-8D11-00A0C91BC942}") = "RenX.Ladder.Daily", "RenX.Ladder.Daily\RenX.Ladder.Daily.vcxproj", "{73F0EEF6-CE5E-46EB-80B4-2B319AE2B258}"
	ProjectSection(ProjectDependencies) = postProject
		{C188871B-5F32-4946-B301-24CA2EBB275D} = {C188871B-5F32-4946-B301-24CA2EBB275D}
		{9103DF3D-8B4A-48E5-A6B3-CBE2554630E2} = {9103DF3D-8B4A-48E5-A6B3-CBE2554630E2}
	EndProjectSection
EndProject
Project("{8BC9CEB8-8B4A-11D0-8D11-00A0C91BC942}") = "RenX.ServerList", "RenX.ServerList\RenX.ServerList.vcxproj", "{6B0D59BA-B153-4DE8-8DD4-FBE5D810B033}"
	ProjectSection(ProjectDependencies) = postProject
		{C188871B-5F32-4946-B301-24CA2EBB275D} = {C188871B-5F32-4946-B301-24CA2EBB275D}
		{9103DF3D-8B4A-48E5-A6B3-CBE2554630E2} = {9103DF3D-8B4A-48E5-A6B3-CBE2554630E2}
		{BB048D6F-F001-4E9B-95F4-886081E0807A} = {BB048D6F-F001-4E9B-95F4-886081E0807A}
	EndProjectSection
EndProject
Project("{8BC9CEB8-8B4A-11D0-8D11-00A0C91BC942}") = "IRC.Core", "IRC.Core\IRC.Core.vcxproj", "{89368D08-5E06-4530-B82A-AD2BC07B09E7}"
	ProjectSection(ProjectDependencies) = postProject
		{C188871B-5F32-4946-B301-24CA2EBB275D} = {C188871B-5F32-4946-B301-24CA2EBB275D}
	EndProjectSection
EndProject
Project("{8BC9CEB8-8B4A-11D0-8D11-00A0C91BC942}") = "Jupiter", "Jupiter\Jupiter\Jupiter.vcxproj", "{367CBCA8-6F27-484A-BC6C-2FC087FBB0C8}"
EndProject
Project("{8BC9CEB8-8B4A-11D0-8D11-00A0C91BC942}") = "Tester", "Jupiter\Tester\Tester.vcxproj", "{0F041791-1047-4C6A-A4C1-814E6957D5EB}"
	ProjectSection(ProjectDependencies) = postProject
		{367CBCA8-6F27-484A-BC6C-2FC087FBB0C8} = {367CBCA8-6F27-484A-BC6C-2FC087FBB0C8}
	EndProjectSection
EndProject
Project("{2150E333-8FDC-42A3-9474-1A3956D46DE8}") = "Jupiter", "Jupiter", "{531C0AB6-298D-4439-939A-38EE4F4E99CF}"
EndProject
Project("{2150E333-8FDC-42A3-9474-1A3956D46DE8}") = "RenX", "RenX", "{A028FD55-A97C-42FE-9199-FD9E95F57700}"
EndProject
Project("{2150E333-8FDC-42A3-9474-1A3956D46DE8}") = "IRC", "IRC", "{C7A6B4EC-6A37-4027-B9B1-84294440DE7A}"
EndProject
Project("{2150E333-8FDC-42A3-9474-1A3956D46DE8}") = "HTTP", "HTTP", "{C2EC0FC0-30E4-46AD-8D80-3AC8C05B7644}"
EndProject
Project("{2150E333-8FDC-42A3-9474-1A3956D46DE8}") = "Commands", "Commands", "{963CB590-B810-4DEE-8AA2-01077634616C}"
EndProject
Project("{2150E333-8FDC-42A3-9474-1A3956D46DE8}") = "Bot", "Bot", "{434670E6-C23F-4C53-B77F-64ABAB831AF3}"
EndProject
Global
	GlobalSection(SolutionConfigurationPlatforms) = preSolution
		Debug|Win32 = Debug|Win32
		Debug|x64 = Debug|x64
		Release|Win32 = Release|Win32
		Release|x64 = Release|x64
	EndGlobalSection
	GlobalSection(ProjectConfigurationPlatforms) = postSolution
		{C188871B-5F32-4946-B301-24CA2EBB275D}.Debug|Win32.ActiveCfg = Release|Win32
		{C188871B-5F32-4946-B301-24CA2EBB275D}.Debug|Win32.Build.0 = Release|Win32
		{C188871B-5F32-4946-B301-24CA2EBB275D}.Debug|x64.ActiveCfg = Debug|Win32
		{C188871B-5F32-4946-B301-24CA2EBB275D}.Release|Win32.ActiveCfg = Release|Win32
		{C188871B-5F32-4946-B301-24CA2EBB275D}.Release|Win32.Build.0 = Release|Win32
		{C188871B-5F32-4946-B301-24CA2EBB275D}.Release|x64.ActiveCfg = Release|Win32
		{EA2C0100-5CC5-4416-8216-059833CAACE2}.Debug|Win32.ActiveCfg = Debug|Win32
		{EA2C0100-5CC5-4416-8216-059833CAACE2}.Debug|Win32.Build.0 = Debug|Win32
		{EA2C0100-5CC5-4416-8216-059833CAACE2}.Debug|x64.ActiveCfg = Debug|Win32
		{EA2C0100-5CC5-4416-8216-059833CAACE2}.Release|Win32.ActiveCfg = Release|Win32
		{EA2C0100-5CC5-4416-8216-059833CAACE2}.Release|Win32.Build.0 = Release|Win32
		{EA2C0100-5CC5-4416-8216-059833CAACE2}.Release|x64.ActiveCfg = Release|Win32
		{1DD04156-F096-4C41-9E1C-5BFD3234E9FD}.Debug|Win32.ActiveCfg = Debug|Win32
		{1DD04156-F096-4C41-9E1C-5BFD3234E9FD}.Debug|Win32.Build.0 = Debug|Win32
		{1DD04156-F096-4C41-9E1C-5BFD3234E9FD}.Debug|x64.ActiveCfg = Debug|Win32
		{1DD04156-F096-4C41-9E1C-5BFD3234E9FD}.Release|Win32.ActiveCfg = Release|Win32
		{1DD04156-F096-4C41-9E1C-5BFD3234E9FD}.Release|Win32.Build.0 = Release|Win32
		{1DD04156-F096-4C41-9E1C-5BFD3234E9FD}.Release|x64.ActiveCfg = Release|Win32
		{9D82C7EE-4167-4F5A-9764-B2C6B0EB9712}.Debug|Win32.ActiveCfg = Debug|Win32
		{9D82C7EE-4167-4F5A-9764-B2C6B0EB9712}.Debug|Win32.Build.0 = Debug|Win32
		{9D82C7EE-4167-4F5A-9764-B2C6B0EB9712}.Debug|x64.ActiveCfg = Debug|Win32
		{9D82C7EE-4167-4F5A-9764-B2C6B0EB9712}.Release|Win32.ActiveCfg = Release|Win32
		{9D82C7EE-4167-4F5A-9764-B2C6B0EB9712}.Release|Win32.Build.0 = Release|Win32
		{9D82C7EE-4167-4F5A-9764-B2C6B0EB9712}.Release|x64.ActiveCfg = Release|Win32
		{FDBEC4F9-AC8D-4197-BA6C-D042DF218A93}.Debug|Win32.ActiveCfg = Debug|Win32
		{FDBEC4F9-AC8D-4197-BA6C-D042DF218A93}.Debug|Win32.Build.0 = Debug|Win32
		{FDBEC4F9-AC8D-4197-BA6C-D042DF218A93}.Debug|x64.ActiveCfg = Debug|Win32
		{FDBEC4F9-AC8D-4197-BA6C-D042DF218A93}.Release|Win32.ActiveCfg = Release|Win32
		{FDBEC4F9-AC8D-4197-BA6C-D042DF218A93}.Release|Win32.Build.0 = Release|Win32
		{FDBEC4F9-AC8D-4197-BA6C-D042DF218A93}.Release|x64.ActiveCfg = Release|Win32
		{80E38D71-CEC5-457F-88EC-24D3097C3470}.Debug|Win32.ActiveCfg = Debug|Win32
		{80E38D71-CEC5-457F-88EC-24D3097C3470}.Debug|Win32.Build.0 = Debug|Win32
		{80E38D71-CEC5-457F-88EC-24D3097C3470}.Debug|x64.ActiveCfg = Debug|Win32
		{80E38D71-CEC5-457F-88EC-24D3097C3470}.Release|Win32.ActiveCfg = Release|Win32
		{80E38D71-CEC5-457F-88EC-24D3097C3470}.Release|Win32.Build.0 = Release|Win32
		{80E38D71-CEC5-457F-88EC-24D3097C3470}.Release|x64.ActiveCfg = Release|Win32
		{85874531-681D-4F44-8A84-C8E939DA3FCB}.Debug|Win32.ActiveCfg = Debug|Win32
		{85874531-681D-4F44-8A84-C8E939DA3FCB}.Debug|Win32.Build.0 = Debug|Win32
		{85874531-681D-4F44-8A84-C8E939DA3FCB}.Debug|x64.ActiveCfg = Debug|Win32
		{85874531-681D-4F44-8A84-C8E939DA3FCB}.Release|Win32.ActiveCfg = Release|Win32
		{85874531-681D-4F44-8A84-C8E939DA3FCB}.Release|Win32.Build.0 = Release|Win32
		{85874531-681D-4F44-8A84-C8E939DA3FCB}.Release|x64.ActiveCfg = Release|Win32
		{55F71101-B302-4345-9F9F-3055E805422A}.Debug|Win32.ActiveCfg = Debug|Win32
		{55F71101-B302-4345-9F9F-3055E805422A}.Debug|Win32.Build.0 = Debug|Win32
		{55F71101-B302-4345-9F9F-3055E805422A}.Debug|x64.ActiveCfg = Debug|Win32
		{55F71101-B302-4345-9F9F-3055E805422A}.Release|Win32.ActiveCfg = Release|Win32
		{55F71101-B302-4345-9F9F-3055E805422A}.Release|Win32.Build.0 = Release|Win32
		{55F71101-B302-4345-9F9F-3055E805422A}.Release|x64.ActiveCfg = Release|Win32
		{9103DF3D-8B4A-48E5-A6B3-CBE2554630E2}.Debug|Win32.ActiveCfg = Debug|Win32
		{9103DF3D-8B4A-48E5-A6B3-CBE2554630E2}.Debug|Win32.Build.0 = Debug|Win32
		{9103DF3D-8B4A-48E5-A6B3-CBE2554630E2}.Debug|x64.ActiveCfg = Debug|Win32
		{9103DF3D-8B4A-48E5-A6B3-CBE2554630E2}.Release|Win32.ActiveCfg = Release|Win32
		{9103DF3D-8B4A-48E5-A6B3-CBE2554630E2}.Release|Win32.Build.0 = Release|Win32
		{9103DF3D-8B4A-48E5-A6B3-CBE2554630E2}.Release|x64.ActiveCfg = Release|Win32
		{72B6B5A6-4267-4FED-9F96-917C7974CE25}.Debug|Win32.ActiveCfg = Debug|Win32
		{72B6B5A6-4267-4FED-9F96-917C7974CE25}.Debug|Win32.Build.0 = Debug|Win32
		{72B6B5A6-4267-4FED-9F96-917C7974CE25}.Debug|x64.ActiveCfg = Debug|Win32
		{72B6B5A6-4267-4FED-9F96-917C7974CE25}.Release|Win32.ActiveCfg = Release|Win32
		{72B6B5A6-4267-4FED-9F96-917C7974CE25}.Release|Win32.Build.0 = Release|Win32
		{72B6B5A6-4267-4FED-9F96-917C7974CE25}.Release|x64.ActiveCfg = Release|Win32
		{6F575493-CF43-43CB-8062-9F3D0722A624}.Debug|Win32.ActiveCfg = Debug|Win32
		{6F575493-CF43-43CB-8062-9F3D0722A624}.Debug|Win32.Build.0 = Debug|Win32
		{6F575493-CF43-43CB-8062-9F3D0722A624}.Debug|x64.ActiveCfg = Debug|Win32
		{6F575493-CF43-43CB-8062-9F3D0722A624}.Release|Win32.ActiveCfg = Release|Win32
		{6F575493-CF43-43CB-8062-9F3D0722A624}.Release|Win32.Build.0 = Release|Win32
		{6F575493-CF43-43CB-8062-9F3D0722A624}.Release|x64.ActiveCfg = Release|Win32
		{069D6053-F39A-4418-BAA3-FA8D260C83D1}.Debug|Win32.ActiveCfg = Debug|Win32
		{069D6053-F39A-4418-BAA3-FA8D260C83D1}.Debug|Win32.Build.0 = Debug|Win32
		{069D6053-F39A-4418-BAA3-FA8D260C83D1}.Debug|x64.ActiveCfg = Debug|Win32
		{069D6053-F39A-4418-BAA3-FA8D260C83D1}.Release|Win32.ActiveCfg = Release|Win32
		{069D6053-F39A-4418-BAA3-FA8D260C83D1}.Release|Win32.Build.0 = Release|Win32
		{069D6053-F39A-4418-BAA3-FA8D260C83D1}.Release|x64.ActiveCfg = Release|Win32
		{0F71052A-A773-4AB5-AE2A-50DBDFB9CF9E}.Debug|Win32.ActiveCfg = Debug|Win32
		{0F71052A-A773-4AB5-AE2A-50DBDFB9CF9E}.Debug|Win32.Build.0 = Debug|Win32
		{0F71052A-A773-4AB5-AE2A-50DBDFB9CF9E}.Debug|x64.ActiveCfg = Debug|Win32
		{0F71052A-A773-4AB5-AE2A-50DBDFB9CF9E}.Release|Win32.ActiveCfg = Release|Win32
		{0F71052A-A773-4AB5-AE2A-50DBDFB9CF9E}.Release|Win32.Build.0 = Release|Win32
		{0F71052A-A773-4AB5-AE2A-50DBDFB9CF9E}.Release|x64.ActiveCfg = Release|Win32
		{CEFD949E-BCF2-4EDB-8168-0920924FE2D8}.Debug|Win32.ActiveCfg = Debug|Win32
		{CEFD949E-BCF2-4EDB-8168-0920924FE2D8}.Debug|Win32.Build.0 = Debug|Win32
		{CEFD949E-BCF2-4EDB-8168-0920924FE2D8}.Debug|x64.ActiveCfg = Debug|Win32
		{CEFD949E-BCF2-4EDB-8168-0920924FE2D8}.Release|Win32.ActiveCfg = Release|Win32
		{CEFD949E-BCF2-4EDB-8168-0920924FE2D8}.Release|Win32.Build.0 = Release|Win32
		{CEFD949E-BCF2-4EDB-8168-0920924FE2D8}.Release|x64.ActiveCfg = Release|Win32
		{EF55A6DC-1861-4037-868A-9557ECAEBC27}.Debug|Win32.ActiveCfg = Debug|Win32
		{EF55A6DC-1861-4037-868A-9557ECAEBC27}.Debug|Win32.Build.0 = Debug|Win32
		{EF55A6DC-1861-4037-868A-9557ECAEBC27}.Debug|x64.ActiveCfg = Debug|Win32
		{EF55A6DC-1861-4037-868A-9557ECAEBC27}.Release|Win32.ActiveCfg = Release|Win32
		{EF55A6DC-1861-4037-868A-9557ECAEBC27}.Release|Win32.Build.0 = Release|Win32
		{EF55A6DC-1861-4037-868A-9557ECAEBC27}.Release|x64.ActiveCfg = Release|Win32
		{C295FFC2-8CE5-4387-B237-E4E1B1AB9987}.Debug|Win32.ActiveCfg = Debug|Win32
		{C295FFC2-8CE5-4387-B237-E4E1B1AB9987}.Debug|Win32.Build.0 = Debug|Win32
		{C295FFC2-8CE5-4387-B237-E4E1B1AB9987}.Debug|x64.ActiveCfg = Debug|Win32
		{C295FFC2-8CE5-4387-B237-E4E1B1AB9987}.Release|Win32.ActiveCfg = Release|Win32
		{C295FFC2-8CE5-4387-B237-E4E1B1AB9987}.Release|Win32.Build.0 = Release|Win32
		{C295FFC2-8CE5-4387-B237-E4E1B1AB9987}.Release|x64.ActiveCfg = Release|Win32
		{0489F164-DC8F-433C-8CFA-F7EB2A3356F1}.Debug|Win32.ActiveCfg = Debug|Win32
		{0489F164-DC8F-433C-8CFA-F7EB2A3356F1}.Debug|Win32.Build.0 = Debug|Win32
		{0489F164-DC8F-433C-8CFA-F7EB2A3356F1}.Debug|x64.ActiveCfg = Debug|Win32
		{0489F164-DC8F-433C-8CFA-F7EB2A3356F1}.Release|Win32.ActiveCfg = Release|Win32
		{0489F164-DC8F-433C-8CFA-F7EB2A3356F1}.Release|Win32.Build.0 = Release|Win32
		{0489F164-DC8F-433C-8CFA-F7EB2A3356F1}.Release|x64.ActiveCfg = Release|Win32
		{8709993F-B08A-4156-BD93-581F297FE0A4}.Debug|Win32.ActiveCfg = Debug|Win32
		{8709993F-B08A-4156-BD93-581F297FE0A4}.Debug|Win32.Build.0 = Debug|Win32
		{8709993F-B08A-4156-BD93-581F297FE0A4}.Debug|x64.ActiveCfg = Debug|Win32
		{8709993F-B08A-4156-BD93-581F297FE0A4}.Release|Win32.ActiveCfg = Release|Win32
		{8709993F-B08A-4156-BD93-581F297FE0A4}.Release|Win32.Build.0 = Release|Win32
		{8709993F-B08A-4156-BD93-581F297FE0A4}.Release|x64.ActiveCfg = Release|Win32
		{672B3FC9-0B31-45B4-AAB6-669073F2D291}.Debug|Win32.ActiveCfg = Debug|Win32
		{672B3FC9-0B31-45B4-AAB6-669073F2D291}.Debug|Win32.Build.0 = Debug|Win32
		{672B3FC9-0B31-45B4-AAB6-669073F2D291}.Debug|x64.ActiveCfg = Debug|Win32
		{672B3FC9-0B31-45B4-AAB6-669073F2D291}.Release|Win32.ActiveCfg = Release|Win32
		{672B3FC9-0B31-45B4-AAB6-669073F2D291}.Release|Win32.Build.0 = Release|Win32
		{672B3FC9-0B31-45B4-AAB6-669073F2D291}.Release|x64.ActiveCfg = Release|Win32
		{160CD71B-1E13-4816-9977-8BBD73871F31}.Debug|Win32.ActiveCfg = Debug|Win32
		{160CD71B-1E13-4816-9977-8BBD73871F31}.Debug|Win32.Build.0 = Debug|Win32
		{160CD71B-1E13-4816-9977-8BBD73871F31}.Debug|x64.ActiveCfg = Debug|Win32
		{160CD71B-1E13-4816-9977-8BBD73871F31}.Release|Win32.ActiveCfg = Release|Win32
		{160CD71B-1E13-4816-9977-8BBD73871F31}.Release|Win32.Build.0 = Release|Win32
		{160CD71B-1E13-4816-9977-8BBD73871F31}.Release|x64.ActiveCfg = Release|Win32
		{41C67B8B-D84D-42C2-B174-200B2ACB19C0}.Debug|Win32.ActiveCfg = Debug|Win32
		{41C67B8B-D84D-42C2-B174-200B2ACB19C0}.Debug|Win32.Build.0 = Debug|Win32
		{41C67B8B-D84D-42C2-B174-200B2ACB19C0}.Debug|x64.ActiveCfg = Debug|Win32
		{41C67B8B-D84D-42C2-B174-200B2ACB19C0}.Release|Win32.ActiveCfg = Release|Win32
		{41C67B8B-D84D-42C2-B174-200B2ACB19C0}.Release|Win32.Build.0 = Release|Win32
		{41C67B8B-D84D-42C2-B174-200B2ACB19C0}.Release|x64.ActiveCfg = Release|Win32
		{553C70DE-37B7-4C31-985B-591BEC238C9D}.Debug|Win32.ActiveCfg = Debug|Win32
		{553C70DE-37B7-4C31-985B-591BEC238C9D}.Debug|Win32.Build.0 = Debug|Win32
		{553C70DE-37B7-4C31-985B-591BEC238C9D}.Debug|x64.ActiveCfg = Debug|Win32
		{553C70DE-37B7-4C31-985B-591BEC238C9D}.Release|Win32.ActiveCfg = Release|Win32
		{553C70DE-37B7-4C31-985B-591BEC238C9D}.Release|Win32.Build.0 = Release|Win32
		{553C70DE-37B7-4C31-985B-591BEC238C9D}.Release|x64.ActiveCfg = Release|Win32
		{FF61361F-CB09-4C72-80E2-9CA2DA63910E}.Debug|Win32.ActiveCfg = Debug|Win32
		{FF61361F-CB09-4C72-80E2-9CA2DA63910E}.Debug|Win32.Build.0 = Debug|Win32
		{FF61361F-CB09-4C72-80E2-9CA2DA63910E}.Debug|x64.ActiveCfg = Debug|Win32
		{FF61361F-CB09-4C72-80E2-9CA2DA63910E}.Release|Win32.ActiveCfg = Release|Win32
		{FF61361F-CB09-4C72-80E2-9CA2DA63910E}.Release|Win32.Build.0 = Release|Win32
		{FF61361F-CB09-4C72-80E2-9CA2DA63910E}.Release|x64.ActiveCfg = Release|Win32
		{DA05D8B5-5E24-410E-A201-CC5905E327D3}.Debug|Win32.ActiveCfg = Debug|Win32
		{DA05D8B5-5E24-410E-A201-CC5905E327D3}.Debug|Win32.Build.0 = Debug|Win32
		{DA05D8B5-5E24-410E-A201-CC5905E327D3}.Debug|x64.ActiveCfg = Debug|Win32
		{DA05D8B5-5E24-410E-A201-CC5905E327D3}.Release|Win32.ActiveCfg = Release|Win32
		{DA05D8B5-5E24-410E-A201-CC5905E327D3}.Release|Win32.Build.0 = Release|Win32
		{DA05D8B5-5E24-410E-A201-CC5905E327D3}.Release|x64.ActiveCfg = Release|Win32
		{ADAD973E-EAA8-446D-BCD3-83B53DBC3A3F}.Debug|Win32.ActiveCfg = Debug|Win32
		{ADAD973E-EAA8-446D-BCD3-83B53DBC3A3F}.Debug|Win32.Build.0 = Debug|Win32
		{ADAD973E-EAA8-446D-BCD3-83B53DBC3A3F}.Debug|x64.ActiveCfg = Debug|Win32
		{ADAD973E-EAA8-446D-BCD3-83B53DBC3A3F}.Release|Win32.ActiveCfg = Release|Win32
		{ADAD973E-EAA8-446D-BCD3-83B53DBC3A3F}.Release|Win32.Build.0 = Release|Win32
		{ADAD973E-EAA8-446D-BCD3-83B53DBC3A3F}.Release|x64.ActiveCfg = Release|Win32
		{B2846BD6-2332-4DA6-A13B-113318F76D5E}.Debug|Win32.ActiveCfg = Debug|Win32
		{B2846BD6-2332-4DA6-A13B-113318F76D5E}.Debug|Win32.Build.0 = Debug|Win32
		{B2846BD6-2332-4DA6-A13B-113318F76D5E}.Debug|x64.ActiveCfg = Debug|Win32
		{B2846BD6-2332-4DA6-A13B-113318F76D5E}.Release|Win32.ActiveCfg = Release|Win32
		{B2846BD6-2332-4DA6-A13B-113318F76D5E}.Release|Win32.Build.0 = Release|Win32
		{B2846BD6-2332-4DA6-A13B-113318F76D5E}.Release|x64.ActiveCfg = Release|Win32
		{99D34DCB-A484-437C-9FC5-D4051FEDC18C}.Debug|Win32.ActiveCfg = Debug|Win32
		{99D34DCB-A484-437C-9FC5-D4051FEDC18C}.Debug|Win32.Build.0 = Debug|Win32
		{99D34DCB-A484-437C-9FC5-D4051FEDC18C}.Debug|x64.ActiveCfg = Debug|Win32
		{99D34DCB-A484-437C-9FC5-D4051FEDC18C}.Release|Win32.ActiveCfg = Release|Win32
		{99D34DCB-A484-437C-9FC5-D4051FEDC18C}.Release|Win32.Build.0 = Release|Win32
		{99D34DCB-A484-437C-9FC5-D4051FEDC18C}.Release|x64.ActiveCfg = Release|Win32
		{C5CDEDF5-BAFB-4D5B-A4DB-4331E13DBD58}.Debug|Win32.ActiveCfg = Debug|Win32
		{C5CDEDF5-BAFB-4D5B-A4DB-4331E13DBD58}.Debug|Win32.Build.0 = Debug|Win32
		{C5CDEDF5-BAFB-4D5B-A4DB-4331E13DBD58}.Debug|x64.ActiveCfg = Debug|Win32
		{C5CDEDF5-BAFB-4D5B-A4DB-4331E13DBD58}.Release|Win32.ActiveCfg = Release|Win32
		{C5CDEDF5-BAFB-4D5B-A4DB-4331E13DBD58}.Release|Win32.Build.0 = Release|Win32
		{C5CDEDF5-BAFB-4D5B-A4DB-4331E13DBD58}.Release|x64.ActiveCfg = Release|Win32
		{BB048D6F-F001-4E9B-95F4-886081E0807A}.Debug|Win32.ActiveCfg = Debug|Win32
		{BB048D6F-F001-4E9B-95F4-886081E0807A}.Debug|Win32.Build.0 = Debug|Win32
		{BB048D6F-F001-4E9B-95F4-886081E0807A}.Debug|x64.ActiveCfg = Debug|Win32
		{BB048D6F-F001-4E9B-95F4-886081E0807A}.Release|Win32.ActiveCfg = Release|Win32
		{BB048D6F-F001-4E9B-95F4-886081E0807A}.Release|Win32.Build.0 = Release|Win32
		{BB048D6F-F001-4E9B-95F4-886081E0807A}.Release|x64.ActiveCfg = Release|Win32
		{57661A2A-EE94-4E9C-B792-AB756533DEFA}.Debug|Win32.ActiveCfg = Debug|Win32
		{57661A2A-EE94-4E9C-B792-AB756533DEFA}.Debug|Win32.Build.0 = Debug|Win32
		{57661A2A-EE94-4E9C-B792-AB756533DEFA}.Debug|x64.ActiveCfg = Debug|Win32
		{57661A2A-EE94-4E9C-B792-AB756533DEFA}.Release|Win32.ActiveCfg = Release|Win32
		{57661A2A-EE94-4E9C-B792-AB756533DEFA}.Release|Win32.Build.0 = Release|Win32
		{57661A2A-EE94-4E9C-B792-AB756533DEFA}.Release|x64.ActiveCfg = Release|Win32
		{24B039D0-5A71-4F76-8908-BAD772FDBE1A}.Debug|Win32.ActiveCfg = Debug|Win32
		{24B039D0-5A71-4F76-8908-BAD772FDBE1A}.Debug|Win32.Build.0 = Debug|Win32
		{24B039D0-5A71-4F76-8908-BAD772FDBE1A}.Debug|x64.ActiveCfg = Debug|Win32
		{24B039D0-5A71-4F76-8908-BAD772FDBE1A}.Release|Win32.ActiveCfg = Release|Win32
		{24B039D0-5A71-4F76-8908-BAD772FDBE1A}.Release|Win32.Build.0 = Release|Win32
		{24B039D0-5A71-4F76-8908-BAD772FDBE1A}.Release|x64.ActiveCfg = Release|Win32
		{34FDE301-A29D-44ED-8ECC-15693F137DE2}.Debug|Win32.ActiveCfg = Debug|Win32
		{34FDE301-A29D-44ED-8ECC-15693F137DE2}.Debug|Win32.Build.0 = Debug|Win32
		{34FDE301-A29D-44ED-8ECC-15693F137DE2}.Debug|x64.ActiveCfg = Debug|Win32
		{34FDE301-A29D-44ED-8ECC-15693F137DE2}.Release|Win32.ActiveCfg = Release|Win32
		{34FDE301-A29D-44ED-8ECC-15693F137DE2}.Release|Win32.Build.0 = Release|Win32
		{34FDE301-A29D-44ED-8ECC-15693F137DE2}.Release|x64.ActiveCfg = Release|Win32
		{075AF69B-71D6-43B9-B102-4649CB2CA40C}.Debug|Win32.ActiveCfg = Debug|Win32
		{075AF69B-71D6-43B9-B102-4649CB2CA40C}.Debug|Win32.Build.0 = Debug|Win32
		{075AF69B-71D6-43B9-B102-4649CB2CA40C}.Debug|x64.ActiveCfg = Debug|Win32
		{075AF69B-71D6-43B9-B102-4649CB2CA40C}.Release|Win32.ActiveCfg = Release|Win32
		{075AF69B-71D6-43B9-B102-4649CB2CA40C}.Release|Win32.Build.0 = Release|Win32
		{075AF69B-71D6-43B9-B102-4649CB2CA40C}.Release|x64.ActiveCfg = Release|Win32
		{6F0141F3-CF64-47D9-8EC2-80A38FAFDAC7}.Debug|Win32.ActiveCfg = Debug|Win32
		{6F0141F3-CF64-47D9-8EC2-80A38FAFDAC7}.Debug|Win32.Build.0 = Debug|Win32
		{6F0141F3-CF64-47D9-8EC2-80A38FAFDAC7}.Debug|x64.ActiveCfg = Debug|Win32
		{6F0141F3-CF64-47D9-8EC2-80A38FAFDAC7}.Release|Win32.ActiveCfg = Release|Win32
		{6F0141F3-CF64-47D9-8EC2-80A38FAFDAC7}.Release|Win32.Build.0 = Release|Win32
		{6F0141F3-CF64-47D9-8EC2-80A38FAFDAC7}.Release|x64.ActiveCfg = Release|Win32
		{73F0EEF6-CE5E-46EB-80B4-2B319AE2B258}.Debug|Win32.ActiveCfg = Debug|Win32
		{73F0EEF6-CE5E-46EB-80B4-2B319AE2B258}.Debug|Win32.Build.0 = Debug|Win32
		{73F0EEF6-CE5E-46EB-80B4-2B319AE2B258}.Debug|x64.ActiveCfg = Debug|Win32
		{73F0EEF6-CE5E-46EB-80B4-2B319AE2B258}.Release|Win32.ActiveCfg = Release|Win32
		{73F0EEF6-CE5E-46EB-80B4-2B319AE2B258}.Release|Win32.Build.0 = Release|Win32
		{73F0EEF6-CE5E-46EB-80B4-2B319AE2B258}.Release|x64.ActiveCfg = Release|Win32
		{6B0D59BA-B153-4DE8-8DD4-FBE5D810B033}.Debug|Win32.ActiveCfg = Debug|Win32
		{6B0D59BA-B153-4DE8-8DD4-FBE5D810B033}.Debug|Win32.Build.0 = Debug|Win32
		{6B0D59BA-B153-4DE8-8DD4-FBE5D810B033}.Debug|x64.ActiveCfg = Debug|Win32
		{6B0D59BA-B153-4DE8-8DD4-FBE5D810B033}.Release|Win32.ActiveCfg = Release|Win32
		{6B0D59BA-B153-4DE8-8DD4-FBE5D810B033}.Release|Win32.Build.0 = Release|Win32
		{6B0D59BA-B153-4DE8-8DD4-FBE5D810B033}.Release|x64.ActiveCfg = Release|Win32
		{89368D08-5E06-4530-B82A-AD2BC07B09E7}.Debug|Win32.ActiveCfg = Debug|Win32
		{89368D08-5E06-4530-B82A-AD2BC07B09E7}.Debug|Win32.Build.0 = Debug|Win32
		{89368D08-5E06-4530-B82A-AD2BC07B09E7}.Debug|x64.ActiveCfg = Debug|Win32
		{89368D08-5E06-4530-B82A-AD2BC07B09E7}.Release|Win32.ActiveCfg = Release|Win32
		{89368D08-5E06-4530-B82A-AD2BC07B09E7}.Release|Win32.Build.0 = Release|Win32
		{89368D08-5E06-4530-B82A-AD2BC07B09E7}.Release|x64.ActiveCfg = Release|Win32
		{367CBCA8-6F27-484A-BC6C-2FC087FBB0C8}.Debug|Win32.ActiveCfg = Release|Win32
		{367CBCA8-6F27-484A-BC6C-2FC087FBB0C8}.Debug|Win32.Build.0 = Release|Win32
		{367CBCA8-6F27-484A-BC6C-2FC087FBB0C8}.Debug|Win32.Deploy.0 = Release|Win32
		{367CBCA8-6F27-484A-BC6C-2FC087FBB0C8}.Debug|x64.ActiveCfg = Debug|x64
		{367CBCA8-6F27-484A-BC6C-2FC087FBB0C8}.Debug|x64.Build.0 = Debug|x64
		{367CBCA8-6F27-484A-BC6C-2FC087FBB0C8}.Release|Win32.ActiveCfg = Release|Win32
		{367CBCA8-6F27-484A-BC6C-2FC087FBB0C8}.Release|Win32.Build.0 = Release|Win32
		{367CBCA8-6F27-484A-BC6C-2FC087FBB0C8}.Release|x64.ActiveCfg = Release|x64
		{367CBCA8-6F27-484A-BC6C-2FC087FBB0C8}.Release|x64.Build.0 = Release|x64
		{0F041791-1047-4C6A-A4C1-814E6957D5EB}.Debug|Win32.ActiveCfg = Debug|Win32
		{0F041791-1047-4C6A-A4C1-814E6957D5EB}.Debug|Win32.Build.0 = Debug|Win32
		{0F041791-1047-4C6A-A4C1-814E6957D5EB}.Debug|x64.ActiveCfg = Debug|Win32
		{0F041791-1047-4C6A-A4C1-814E6957D5EB}.Release|Win32.ActiveCfg = Release|Win32
		{0F041791-1047-4C6A-A4C1-814E6957D5EB}.Release|Win32.Build.0 = Release|Win32
		{0F041791-1047-4C6A-A4C1-814E6957D5EB}.Release|x64.ActiveCfg = Release|Win32
	EndGlobalSection
	GlobalSection(SolutionProperties) = preSolution
		HideSolutionNode = FALSE
	EndGlobalSection
	GlobalSection(NestedProjects) = preSolution
		{C188871B-5F32-4946-B301-24CA2EBB275D} = {434670E6-C23F-4C53-B77F-64ABAB831AF3}
		{EA2C0100-5CC5-4416-8216-059833CAACE2} = {434670E6-C23F-4C53-B77F-64ABAB831AF3}
		{1DD04156-F096-4C41-9E1C-5BFD3234E9FD} = {434670E6-C23F-4C53-B77F-64ABAB831AF3}
		{9D82C7EE-4167-4F5A-9764-B2C6B0EB9712} = {963CB590-B810-4DEE-8AA2-01077634616C}
		{FDBEC4F9-AC8D-4197-BA6C-D042DF218A93} = {C7A6B4EC-6A37-4027-B9B1-84294440DE7A}
		{80E38D71-CEC5-457F-88EC-24D3097C3470} = {963CB590-B810-4DEE-8AA2-01077634616C}
		{85874531-681D-4F44-8A84-C8E939DA3FCB} = {963CB590-B810-4DEE-8AA2-01077634616C}
		{55F71101-B302-4345-9F9F-3055E805422A} = {963CB590-B810-4DEE-8AA2-01077634616C}
		{9103DF3D-8B4A-48E5-A6B3-CBE2554630E2} = {A028FD55-A97C-42FE-9199-FD9E95F57700}
		{72B6B5A6-4267-4FED-9F96-917C7974CE25} = {A028FD55-A97C-42FE-9199-FD9E95F57700}
		{6F575493-CF43-43CB-8062-9F3D0722A624} = {A028FD55-A97C-42FE-9199-FD9E95F57700}
		{069D6053-F39A-4418-BAA3-FA8D260C83D1} = {A028FD55-A97C-42FE-9199-FD9E95F57700}
		{0F71052A-A773-4AB5-AE2A-50DBDFB9CF9E} = {A028FD55-A97C-42FE-9199-FD9E95F57700}
		{CEFD949E-BCF2-4EDB-8168-0920924FE2D8} = {A028FD55-A97C-42FE-9199-FD9E95F57700}
		{EF55A6DC-1861-4037-868A-9557ECAEBC27} = {A028FD55-A97C-42FE-9199-FD9E95F57700}
		{C295FFC2-8CE5-4387-B237-E4E1B1AB9987} = {A028FD55-A97C-42FE-9199-FD9E95F57700}
		{0489F164-DC8F-433C-8CFA-F7EB2A3356F1} = {A028FD55-A97C-42FE-9199-FD9E95F57700}
		{8709993F-B08A-4156-BD93-581F297FE0A4} = {A028FD55-A97C-42FE-9199-FD9E95F57700}
		{672B3FC9-0B31-45B4-AAB6-669073F2D291} = {A028FD55-A97C-42FE-9199-FD9E95F57700}
		{160CD71B-1E13-4816-9977-8BBD73871F31} = {A028FD55-A97C-42FE-9199-FD9E95F57700}
		{41C67B8B-D84D-42C2-B174-200B2ACB19C0} = {A028FD55-A97C-42FE-9199-FD9E95F57700}
		{553C70DE-37B7-4C31-985B-591BEC238C9D} = {A028FD55-A97C-42FE-9199-FD9E95F57700}
		{FF61361F-CB09-4C72-80E2-9CA2DA63910E} = {A028FD55-A97C-42FE-9199-FD9E95F57700}
		{DA05D8B5-5E24-410E-A201-CC5905E327D3} = {A028FD55-A97C-42FE-9199-FD9E95F57700}
		{ADAD973E-EAA8-446D-BCD3-83B53DBC3A3F} = {C7A6B4EC-6A37-4027-B9B1-84294440DE7A}
		{B2846BD6-2332-4DA6-A13B-113318F76D5E} = {A028FD55-A97C-42FE-9199-FD9E95F57700}
		{99D34DCB-A484-437C-9FC5-D4051FEDC18C} = {A028FD55-A97C-42FE-9199-FD9E95F57700}
		{C5CDEDF5-BAFB-4D5B-A4DB-4331E13DBD58} = {A028FD55-A97C-42FE-9199-FD9E95F57700}
		{BB048D6F-F001-4E9B-95F4-886081E0807A} = {C2EC0FC0-30E4-46AD-8D80-3AC8C05B7644}
		{57661A2A-EE94-4E9C-B792-AB756533DEFA} = {A028FD55-A97C-42FE-9199-FD9E95F57700}
		{24B039D0-5A71-4F76-8908-BAD772FDBE1A} = {A028FD55-A97C-42FE-9199-FD9E95F57700}
		{34FDE301-A29D-44ED-8ECC-15693F137DE2} = {A028FD55-A97C-42FE-9199-FD9E95F57700}
		{075AF69B-71D6-43B9-B102-4649CB2CA40C} = {A028FD55-A97C-42FE-9199-FD9E95F57700}
		{6F0141F3-CF64-47D9-8EC2-80A38FAFDAC7} = {A028FD55-A97C-42FE-9199-FD9E95F57700}
		{73F0EEF6-CE5E-46EB-80B4-2B319AE2B258} = {A028FD55-A97C-42FE-9199-FD9E95F57700}
		{6B0D59BA-B153-4DE8-8DD4-FBE5D810B033} = {A028FD55-A97C-42FE-9199-FD9E95F57700}
		{89368D08-5E06-4530-B82A-AD2BC07B09E7} = {C7A6B4EC-6A37-4027-B9B1-84294440DE7A}
		{367CBCA8-6F27-484A-BC6C-2FC087FBB0C8} = {531C0AB6-298D-4439-939A-38EE4F4E99CF}
		{0F041791-1047-4C6A-A4C1-814E6957D5EB} = {531C0AB6-298D-4439-939A-38EE4F4E99CF}
	EndGlobalSection
EndGlobal
