
Microsoft Visual Studio Solution File, Format Version 12.00
# Visual Studio 2013
VisualStudioVersion = 12.0.30110.0
MinimumVisualStudioVersion = 10.0.40219.1
Project("{8BC9CEB8-8B4A-11D0-8D11-00A0C91BC942}") = "Bot", "Bot\Bot.vcxproj", "{C188871B-5F32-4946-B301-24CA2EBB275D}"
EndProject
Project("{8BC9CEB8-8B4A-11D0-8D11-00A0C91BC942}") = "Plugin.Example", "Plugin.Example\Plugin.Example.vcxproj", "{EA2C0100-5CC5-4416-8216-059833CAACE2}"
	ProjectSection(ProjectDependencies) = postProject
		{C188871B-5F32-4946-B301-24CA2EBB275D} = {C188871B-5F32-4946-B301-24CA2EBB275D}
	EndProjectSection
EndProject
Project("{8BC9CEB8-8B4A-11D0-8D11-00A0C91BC942}") = "Plugin.Template", "Plugin.Template\Plugin.Template.vcxproj", "{1DD04156-F096-4C41-9E1C-5BFD3234E9FD}"
	ProjectSection(ProjectDependencies) = postProject
		{C188871B-5F32-4946-B301-24CA2EBB275D} = {C188871B-5F32-4946-B301-24CA2EBB275D}
	EndProjectSection
EndProject
Project("{8BC9CEB8-8B4A-11D0-8D11-00A0C91BC942}") = "PluginManager", "PluginManager\PluginManager.vcxproj", "{9D82C7EE-4167-4F5A-9764-B2C6B0EB9712}"
	ProjectSection(ProjectDependencies) = postProject
		{C188871B-5F32-4946-B301-24CA2EBB275D} = {C188871B-5F32-4946-B301-24CA2EBB275D}
	EndProjectSection
EndProject
Project("{8BC9CEB8-8B4A-11D0-8D11-00A0C91BC942}") = "SetJoin", "SetJoin\SetJoin.vcxproj", "{FDBEC4F9-AC8D-4197-BA6C-D042DF218A93}"
	ProjectSection(ProjectDependencies) = postProject
		{C188871B-5F32-4946-B301-24CA2EBB275D} = {C188871B-5F32-4946-B301-24CA2EBB275D}
	EndProjectSection
EndProject
Project("{8BC9CEB8-8B4A-11D0-8D11-00A0C91BC942}") = "FunCommands", "FunCommands\FunCommands.vcxproj", "{80E38D71-CEC5-457F-88EC-24D3097C3470}"
	ProjectSection(ProjectDependencies) = postProject
		{C188871B-5F32-4946-B301-24CA2EBB275D} = {C188871B-5F32-4946-B301-24CA2EBB275D}
	EndProjectSection
EndProject
Project("{8BC9CEB8-8B4A-11D0-8D11-00A0C91BC942}") = "ExtraCommands", "ExtraCommands\ExtraCommands.vcxproj", "{85874531-681D-4F44-8A84-C8E939DA3FCB}"
	ProjectSection(ProjectDependencies) = postProject
		{C188871B-5F32-4946-B301-24CA2EBB275D} = {C188871B-5F32-4946-B301-24CA2EBB275D}
	EndProjectSection
EndProject
Project("{8BC9CEB8-8B4A-11D0-8D11-00A0C91BC942}") = "CoreCommands", "CoreCommands\CoreCommands.vcxproj", "{55F71101-B302-4345-9F9F-3055E805422A}"
	ProjectSection(ProjectDependencies) = postProject
		{C188871B-5F32-4946-B301-24CA2EBB275D} = {C188871B-5F32-4946-B301-24CA2EBB275D}
	EndProjectSection
EndProject
Project("{8BC9CEB8-8B4A-11D0-8D11-00A0C91BC942}") = "RenX.Core", "RenX.Core\RenX.Core.vcxproj", "{9103DF3D-8B4A-48E5-A6B3-CBE2554630E2}"
	ProjectSection(ProjectDependencies) = postProject
		{C188871B-5F32-4946-B301-24CA2EBB275D} = {C188871B-5F32-4946-B301-24CA2EBB275D}
	EndProjectSection
EndProject
Project("{8BC9CEB8-8B4A-11D0-8D11-00A0C91BC942}") = "RenX.Commands", "RenX.Commands\RenX.Commands.vcxproj", "{72B6B5A6-4267-4FED-9F96-917C7974CE25}"
	ProjectSection(ProjectDependencies) = postProject
		{C188871B-5F32-4946-B301-24CA2EBB275D} = {C188871B-5F32-4946-B301-24CA2EBB275D}
		{9103DF3D-8B4A-48E5-A6B3-CBE2554630E2} = {9103DF3D-8B4A-48E5-A6B3-CBE2554630E2}
	EndProjectSection
EndProject
Project("{8BC9CEB8-8B4A-11D0-8D11-00A0C91BC942}") = "RenX.Plugin.Template", "RenX.Plugin.Template\RenX.Plugin.Template.vcxproj", "{6F575493-CF43-43CB-8062-9F3D0722A624}"
	ProjectSection(ProjectDependencies) = postProject
		{C188871B-5F32-4946-B301-24CA2EBB275D} = {C188871B-5F32-4946-B301-24CA2EBB275D}
		{9103DF3D-8B4A-48E5-A6B3-CBE2554630E2} = {9103DF3D-8B4A-48E5-A6B3-CBE2554630E2}
	EndProjectSection
EndProject
Project("{8BC9CEB8-8B4A-11D0-8D11-00A0C91BC942}") = "RenX.Logging", "RenX.Logging\RenX.Logging.vcxproj", "{069D6053-F39A-4418-BAA3-FA8D260C83D1}"
	ProjectSection(ProjectDependencies) = postProject
		{C188871B-5F32-4946-B301-24CA2EBB275D} = {C188871B-5F32-4946-B301-24CA2EBB275D}
		{9103DF3D-8B4A-48E5-A6B3-CBE2554630E2} = {9103DF3D-8B4A-48E5-A6B3-CBE2554630E2}
	EndProjectSection
EndProject
Project("{8BC9CEB8-8B4A-11D0-8D11-00A0C91BC942}") = "RenX.ExcessiveHeadshots", "RenX.ExcessiveHeadshots\RenX.ExcessiveHeadshots.vcxproj", "{0F71052A-A773-4AB5-AE2A-50DBDFB9CF9E}"
	ProjectSection(ProjectDependencies) = postProject
		{C188871B-5F32-4946-B301-24CA2EBB275D} = {C188871B-5F32-4946-B301-24CA2EBB275D}
		{9103DF3D-8B4A-48E5-A6B3-CBE2554630E2} = {9103DF3D-8B4A-48E5-A6B3-CBE2554630E2}
	EndProjectSection
EndProject
Project("{8BC9CEB8-8B4A-11D0-8D11-00A0C91BC942}") = "RenX.ExtraLogging", "RenX.ExtraLogging\RenX.ExtraLogging.vcxproj", "{CEFD949E-BCF2-4EDB-8168-0920924FE2D8}"
	ProjectSection(ProjectDependencies) = postProject
		{C188871B-5F32-4946-B301-24CA2EBB275D} = {C188871B-5F32-4946-B301-24CA2EBB275D}
		{9103DF3D-8B4A-48E5-A6B3-CBE2554630E2} = {9103DF3D-8B4A-48E5-A6B3-CBE2554630E2}
	EndProjectSection
EndProject
Project("{8BC9CEB8-8B4A-11D0-8D11-00A0C91BC942}") = "RenX.Announcements", "RenX.Announcements\RenX.Announcements.vcxproj", "{EF55A6DC-1861-4037-868A-9557ECAEBC27}"
	ProjectSection(ProjectDependencies) = postProject
		{C188871B-5F32-4946-B301-24CA2EBB275D} = {C188871B-5F32-4946-B301-24CA2EBB275D}
		{9103DF3D-8B4A-48E5-A6B3-CBE2554630E2} = {9103DF3D-8B4A-48E5-A6B3-CBE2554630E2}
	EndProjectSection
EndProject
Project("{2150E333-8FDC-42A3-9474-1A3956D46DE8}") = "Solution Items", "Solution Items", "{844CF9EF-70F3-449D-ACF3-A70D3501A775}"
	ProjectSection(SolutionItems) = preProject
		RenX.Greetings\RenX.Greetings.vcxproj = RenX.Greetings\RenX.Greetings.vcxproj
	EndProjectSection
EndProject
Project("{8BC9CEB8-8B4A-11D0-8D11-00A0C91BC942}") = "RenX.Medals", "RenX.Medals\RenX.Medals.vcxproj", "{C295FFC2-8CE5-4387-B237-E4E1B1AB9987}"
	ProjectSection(ProjectDependencies) = postProject
		{C188871B-5F32-4946-B301-24CA2EBB275D} = {C188871B-5F32-4946-B301-24CA2EBB275D}
		{9103DF3D-8B4A-48E5-A6B3-CBE2554630E2} = {9103DF3D-8B4A-48E5-A6B3-CBE2554630E2}
	EndProjectSection
EndProject
Project("{8BC9CEB8-8B4A-11D0-8D11-00A0C91BC942}") = "RenX.SetJoin", "RenX.SetJoin\RenX.SetJoin.vcxproj", "{0489F164-DC8F-433C-8CFA-F7EB2A3356F1}"
	ProjectSection(ProjectDependencies) = postProject
		{C188871B-5F32-4946-B301-24CA2EBB275D} = {C188871B-5F32-4946-B301-24CA2EBB275D}
		{9103DF3D-8B4A-48E5-A6B3-CBE2554630E2} = {9103DF3D-8B4A-48E5-A6B3-CBE2554630E2}
	EndProjectSection
EndProject
Project("{8BC9CEB8-8B4A-11D0-8D11-00A0C91BC942}") = "UserInterface", "UserInterface\UserInterface.vcxproj", "{BE8799E6-A0AC-4F29-AEC5-9EC5886868D7}"
	ProjectSection(ProjectDependencies) = postProject
		{C188871B-5F32-4946-B301-24CA2EBB275D} = {C188871B-5F32-4946-B301-24CA2EBB275D}
	EndProjectSection
EndProject
Project("{8BC9CEB8-8B4A-11D0-8D11-00A0C91BC942}") = "RenX.DNS", "RenX.DNS\RenX.DNS.vcxproj", "{812E9781-A9CB-43C6-8C40-87908D50B363}"
	ProjectSection(ProjectDependencies) = postProject
		{C188871B-5F32-4946-B301-24CA2EBB275D} = {C188871B-5F32-4946-B301-24CA2EBB275D}
		{9103DF3D-8B4A-48E5-A6B3-CBE2554630E2} = {9103DF3D-8B4A-48E5-A6B3-CBE2554630E2}
	EndProjectSection
EndProject
Project("{8BC9CEB8-8B4A-11D0-8D11-00A0C91BC942}") = "RenX.Greetings", "RenX.Greetings\RenX.Greetings.vcxproj", "{8709993F-B08A-4156-BD93-581F297FE0A4}"
	ProjectSection(ProjectDependencies) = postProject
		{C188871B-5F32-4946-B301-24CA2EBB275D} = {C188871B-5F32-4946-B301-24CA2EBB275D}
		{9103DF3D-8B4A-48E5-A6B3-CBE2554630E2} = {9103DF3D-8B4A-48E5-A6B3-CBE2554630E2}
	EndProjectSection
EndProject
Global
	GlobalSection(SolutionConfigurationPlatforms) = preSolution
		Debug|Win32 = Debug|Win32
		Release|Win32 = Release|Win32
	EndGlobalSection
	GlobalSection(ProjectConfigurationPlatforms) = postSolution
		{C188871B-5F32-4946-B301-24CA2EBB275D}.Debug|Win32.ActiveCfg = Release|Win32
		{C188871B-5F32-4946-B301-24CA2EBB275D}.Debug|Win32.Build.0 = Release|Win32
		{C188871B-5F32-4946-B301-24CA2EBB275D}.Release|Win32.ActiveCfg = Release|Win32
		{C188871B-5F32-4946-B301-24CA2EBB275D}.Release|Win32.Build.0 = Release|Win32
		{EA2C0100-5CC5-4416-8216-059833CAACE2}.Debug|Win32.ActiveCfg = Debug|Win32
		{EA2C0100-5CC5-4416-8216-059833CAACE2}.Debug|Win32.Build.0 = Debug|Win32
		{EA2C0100-5CC5-4416-8216-059833CAACE2}.Release|Win32.ActiveCfg = Release|Win32
		{EA2C0100-5CC5-4416-8216-059833CAACE2}.Release|Win32.Build.0 = Release|Win32
		{1DD04156-F096-4C41-9E1C-5BFD3234E9FD}.Debug|Win32.ActiveCfg = Debug|Win32
		{1DD04156-F096-4C41-9E1C-5BFD3234E9FD}.Debug|Win32.Build.0 = Debug|Win32
		{1DD04156-F096-4C41-9E1C-5BFD3234E9FD}.Release|Win32.ActiveCfg = Release|Win32
		{1DD04156-F096-4C41-9E1C-5BFD3234E9FD}.Release|Win32.Build.0 = Release|Win32
		{9D82C7EE-4167-4F5A-9764-B2C6B0EB9712}.Debug|Win32.ActiveCfg = Debug|Win32
		{9D82C7EE-4167-4F5A-9764-B2C6B0EB9712}.Debug|Win32.Build.0 = Debug|Win32
		{9D82C7EE-4167-4F5A-9764-B2C6B0EB9712}.Release|Win32.ActiveCfg = Release|Win32
		{9D82C7EE-4167-4F5A-9764-B2C6B0EB9712}.Release|Win32.Build.0 = Release|Win32
		{FDBEC4F9-AC8D-4197-BA6C-D042DF218A93}.Debug|Win32.ActiveCfg = Debug|Win32
		{FDBEC4F9-AC8D-4197-BA6C-D042DF218A93}.Debug|Win32.Build.0 = Debug|Win32
		{FDBEC4F9-AC8D-4197-BA6C-D042DF218A93}.Release|Win32.ActiveCfg = Release|Win32
		{FDBEC4F9-AC8D-4197-BA6C-D042DF218A93}.Release|Win32.Build.0 = Release|Win32
		{80E38D71-CEC5-457F-88EC-24D3097C3470}.Debug|Win32.ActiveCfg = Debug|Win32
		{80E38D71-CEC5-457F-88EC-24D3097C3470}.Debug|Win32.Build.0 = Debug|Win32
		{80E38D71-CEC5-457F-88EC-24D3097C3470}.Release|Win32.ActiveCfg = Release|Win32
		{80E38D71-CEC5-457F-88EC-24D3097C3470}.Release|Win32.Build.0 = Release|Win32
		{85874531-681D-4F44-8A84-C8E939DA3FCB}.Debug|Win32.ActiveCfg = Debug|Win32
		{85874531-681D-4F44-8A84-C8E939DA3FCB}.Debug|Win32.Build.0 = Debug|Win32
		{85874531-681D-4F44-8A84-C8E939DA3FCB}.Release|Win32.ActiveCfg = Release|Win32
		{85874531-681D-4F44-8A84-C8E939DA3FCB}.Release|Win32.Build.0 = Release|Win32
		{55F71101-B302-4345-9F9F-3055E805422A}.Debug|Win32.ActiveCfg = Debug|Win32
		{55F71101-B302-4345-9F9F-3055E805422A}.Debug|Win32.Build.0 = Debug|Win32
		{55F71101-B302-4345-9F9F-3055E805422A}.Release|Win32.ActiveCfg = Release|Win32
		{55F71101-B302-4345-9F9F-3055E805422A}.Release|Win32.Build.0 = Release|Win32
		{9103DF3D-8B4A-48E5-A6B3-CBE2554630E2}.Debug|Win32.ActiveCfg = Debug|Win32
		{9103DF3D-8B4A-48E5-A6B3-CBE2554630E2}.Debug|Win32.Build.0 = Debug|Win32
		{9103DF3D-8B4A-48E5-A6B3-CBE2554630E2}.Release|Win32.ActiveCfg = Release|Win32
		{9103DF3D-8B4A-48E5-A6B3-CBE2554630E2}.Release|Win32.Build.0 = Release|Win32
		{72B6B5A6-4267-4FED-9F96-917C7974CE25}.Debug|Win32.ActiveCfg = Debug|Win32
		{72B6B5A6-4267-4FED-9F96-917C7974CE25}.Debug|Win32.Build.0 = Debug|Win32
		{72B6B5A6-4267-4FED-9F96-917C7974CE25}.Release|Win32.ActiveCfg = Release|Win32
		{72B6B5A6-4267-4FED-9F96-917C7974CE25}.Release|Win32.Build.0 = Release|Win32
		{6F575493-CF43-43CB-8062-9F3D0722A624}.Debug|Win32.ActiveCfg = Debug|Win32
		{6F575493-CF43-43CB-8062-9F3D0722A624}.Debug|Win32.Build.0 = Debug|Win32
		{6F575493-CF43-43CB-8062-9F3D0722A624}.Release|Win32.ActiveCfg = Release|Win32
		{6F575493-CF43-43CB-8062-9F3D0722A624}.Release|Win32.Build.0 = Release|Win32
		{069D6053-F39A-4418-BAA3-FA8D260C83D1}.Debug|Win32.ActiveCfg = Debug|Win32
		{069D6053-F39A-4418-BAA3-FA8D260C83D1}.Debug|Win32.Build.0 = Debug|Win32
		{069D6053-F39A-4418-BAA3-FA8D260C83D1}.Release|Win32.ActiveCfg = Release|Win32
		{069D6053-F39A-4418-BAA3-FA8D260C83D1}.Release|Win32.Build.0 = Release|Win32
		{0F71052A-A773-4AB5-AE2A-50DBDFB9CF9E}.Debug|Win32.ActiveCfg = Debug|Win32
		{0F71052A-A773-4AB5-AE2A-50DBDFB9CF9E}.Debug|Win32.Build.0 = Debug|Win32
		{0F71052A-A773-4AB5-AE2A-50DBDFB9CF9E}.Release|Win32.ActiveCfg = Release|Win32
		{0F71052A-A773-4AB5-AE2A-50DBDFB9CF9E}.Release|Win32.Build.0 = Release|Win32
		{CEFD949E-BCF2-4EDB-8168-0920924FE2D8}.Debug|Win32.ActiveCfg = Debug|Win32
		{CEFD949E-BCF2-4EDB-8168-0920924FE2D8}.Debug|Win32.Build.0 = Debug|Win32
		{CEFD949E-BCF2-4EDB-8168-0920924FE2D8}.Release|Win32.ActiveCfg = Release|Win32
		{CEFD949E-BCF2-4EDB-8168-0920924FE2D8}.Release|Win32.Build.0 = Release|Win32
		{EF55A6DC-1861-4037-868A-9557ECAEBC27}.Debug|Win32.ActiveCfg = Debug|Win32
		{EF55A6DC-1861-4037-868A-9557ECAEBC27}.Debug|Win32.Build.0 = Debug|Win32
		{EF55A6DC-1861-4037-868A-9557ECAEBC27}.Release|Win32.ActiveCfg = Release|Win32
		{EF55A6DC-1861-4037-868A-9557ECAEBC27}.Release|Win32.Build.0 = Release|Win32
		{C295FFC2-8CE5-4387-B237-E4E1B1AB9987}.Debug|Win32.ActiveCfg = Debug|Win32
		{C295FFC2-8CE5-4387-B237-E4E1B1AB9987}.Debug|Win32.Build.0 = Debug|Win32
		{C295FFC2-8CE5-4387-B237-E4E1B1AB9987}.Release|Win32.ActiveCfg = Release|Win32
		{C295FFC2-8CE5-4387-B237-E4E1B1AB9987}.Release|Win32.Build.0 = Release|Win32
		{0489F164-DC8F-433C-8CFA-F7EB2A3356F1}.Debug|Win32.ActiveCfg = Debug|Win32
		{0489F164-DC8F-433C-8CFA-F7EB2A3356F1}.Debug|Win32.Build.0 = Debug|Win32
		{0489F164-DC8F-433C-8CFA-F7EB2A3356F1}.Release|Win32.ActiveCfg = Release|Win32
		{0489F164-DC8F-433C-8CFA-F7EB2A3356F1}.Release|Win32.Build.0 = Release|Win32
		{BE8799E6-A0AC-4F29-AEC5-9EC5886868D7}.Debug|Win32.ActiveCfg = Debug|Win32
		{BE8799E6-A0AC-4F29-AEC5-9EC5886868D7}.Debug|Win32.Build.0 = Debug|Win32
		{BE8799E6-A0AC-4F29-AEC5-9EC5886868D7}.Release|Win32.ActiveCfg = Release|Win32
		{BE8799E6-A0AC-4F29-AEC5-9EC5886868D7}.Release|Win32.Build.0 = Release|Win32
		{812E9781-A9CB-43C6-8C40-87908D50B363}.Debug|Win32.ActiveCfg = Debug|Win32
		{812E9781-A9CB-43C6-8C40-87908D50B363}.Debug|Win32.Build.0 = Debug|Win32
		{812E9781-A9CB-43C6-8C40-87908D50B363}.Release|Win32.ActiveCfg = Release|Win32
		{812E9781-A9CB-43C6-8C40-87908D50B363}.Release|Win32.Build.0 = Release|Win32
		{8709993F-B08A-4156-BD93-581F297FE0A4}.Debug|Win32.ActiveCfg = Debug|Win32
		{8709993F-B08A-4156-BD93-581F297FE0A4}.Debug|Win32.Build.0 = Debug|Win32
		{8709993F-B08A-4156-BD93-581F297FE0A4}.Release|Win32.ActiveCfg = Release|Win32
		{8709993F-B08A-4156-BD93-581F297FE0A4}.Release|Win32.Build.0 = Release|Win32
	EndGlobalSection
	GlobalSection(SolutionProperties) = preSolution
		HideSolutionNode = FALSE
	EndGlobalSection
EndGlobal
